
Microsoft Visual Studio Solution File, Format Version 12.00
# Visual Studio Version 16
VisualStudioVersion = 16.0.32630.194
MinimumVisualStudioVersion = 10.0.40219.1
Project("{FAE04EC0-301F-11D3-BF4B-00C04F79EFBC}") = "mozartpiano", "mozartpiano.csproj", "{90ABD414-7E6D-416D-AE22-E8E47588AA5F}"
EndProject
Global
	GlobalSection(SolutionConfigurationPlatforms) = preSolution
		Debug|Any CPU = Debug|Any CPU
		Release|Any CPU = Release|Any CPU
	EndGlobalSection
	GlobalSection(ProjectConfigurationPlatforms) = postSolution
		{90ABD414-7E6D-416D-AE22-E8E47588AA5F}.Debug|Any CPU.ActiveCfg = Debug|Any CPU
		{90ABD414-7E6D-416D-AE22-E8E47588AA5F}.Debug|Any CPU.Build.0 = Debug|Any CPU
		{90ABD414-7E6D-416D-AE22-E8E47588AA5F}.Release|Any CPU.ActiveCfg = Release|Any CPU
		{90ABD414-7E6D-416D-AE22-E8E47588AA5F}.Release|Any CPU.Build.0 = Release|Any CPU
	EndGlobalSection
	GlobalSection(SolutionProperties) = preSolution
		HideSolutionNode = FALSE
	EndGlobalSection
	GlobalSection(ExtensibilityGlobals) = postSolution
		SolutionGuid = {25CE78C7-75E8-437F-BB3C-062C482ACB6C}
	EndGlobalSection
EndGlobal
